{"filter":false,"title":"Gemfile.lock","tooltip":"/Pinterested/Gemfile.lock","undoManager":{"mark":0,"position":0,"stack":[[{"start":{"row":137,"column":15},"end":{"row":137,"column":16},"action":"remove","lines":["4"],"id":2},{"start":{"row":137,"column":15},"end":{"row":137,"column":16},"action":"insert","lines":["3"]},{"start":{"row":137,"column":17},"end":{"row":137,"column":18},"action":"remove","lines":["2"]},{"start":{"row":137,"column":17},"end":{"row":137,"column":19},"action":"insert","lines":["13"]},{"start":{"row":171,"column":9},"end":{"row":171,"column":20},"action":"insert","lines":[" (~> 1.3.0)"]}]]},"ace":{"folds":[],"scrolltop":2248.5,"scrollleft":0,"selection":{"start":{"row":0,"column":0},"end":{"row":0,"column":0},"isBackwards":false},"options":{"guessTabSize":true,"useWrapMode":false,"wrapToView":true},"firstLineState":{"row":139,"state":"start","mode":"ace/mode/text"}},"timestamp":1643693656884,"hash":"016f330a8be99a527953ae15db18b4608fd10159"}